// !$*UTF8*$!
{
	archiveVersion = 1;
	classes = {
	};
	objectVersion = 50;
	objects = {

/* Begin PBXBuildFile section */
		D93F4A8C224CFB0D001746DC /* AppDelegate.swift in Sources */ = {isa = PBXBuildFile; fileRef = D93F4A8B224CFB0D001746DC /* AppDelegate.swift */; };
		D93F4A8E224CFB0D001746DC /* ViewController.swift in Sources */ = {isa = PBXBuildFile; fileRef = D93F4A8D224CFB0D001746DC /* ViewController.swift */; };
		D93F4A91224CFB0D001746DC /* Main.storyboard in Resources */ = {isa = PBXBuildFile; fileRef = D93F4A8F224CFB0D001746DC /* Main.storyboard */; };
		D93F4A93224CFB0E001746DC /* Assets.xcassets in Resources */ = {isa = PBXBuildFile; fileRef = D93F4A92224CFB0E001746DC /* Assets.xcassets */; };
		D93F4A96224CFB0E001746DC /* LaunchScreen.storyboard in Resources */ = {isa = PBXBuildFile; fileRef = D93F4A94224CFB0E001746DC /* LaunchScreen.storyboard */; };
/* End PBXBuildFile section */

/* Begin PBXFileReference section */
		D93F4A88224CFB0D001746DC /* Skutarenko Classes and Structures.app */ = {isa = PBXFileReference; explicitFileType = wrapper.application; includeInIndex = 0; path = "Skutarenko Classes and Structures.app"; sourceTree = BUILT_PRODUCTS_DIR; };
		D93F4A8B224CFB0D001746DC /* AppDelegate.swift */ = {isa = PBXFileReference; lastKnownFileType = sourcecode.swift; path = AppDelegate.swift; sourceTree = "<group>"; };
		D93F4A8D224CFB0D001746DC /* ViewController.swift */ = {isa = PBXFileReference; lastKnownFileType = sourcecode.swift; path = ViewController.swift; sourceTree = "<group>"; };
		D93F4A90224CFB0D001746DC /* Base */ = {isa = PBXFileReference; lastKnownFileType = file.storyboard; name = Base; path = Base.lproj/Main.storyboard; sourceTree = "<group>"; };
		D93F4A92224CFB0E001746DC /* Assets.xcassets */ = {isa = PBXFileReference; lastKnownFileType = folder.assetcatalog; path = Assets.xcassets; sourceTree = "<group>"; };
		D93F4A95224CFB0E001746DC /* Base */ = {isa = PBXFileReference; lastKnownFileType = file.storyboard; name = Base; path = Base.lproj/LaunchScreen.storyboard; sourceTree = "<group>"; };
		D93F4A97224CFB0E001746DC /* Info.plist */ = {isa = PBXFileReference; lastKnownFileType = text.plist.xml; path = Info.plist; sourceTree = "<group>"; };
/* End PBXFileReference section */

/* Begin PBXFrameworksBuildPhase section */
		D93F4A85224CFB0D001746DC /* Frameworks */ = {
			isa = PBXFrameworksBuildPhase;
			buildActionMask = 2147483647;
			files = (
			);
			runOnlyForDeploymentPostprocessing = 0;
		};
/* End PBXFrameworksBuildPhase section */

/* Begin PBXGroup section */
		D93F4A7F224CFB0D001746DC = {
			isa = PBXGroup;
			children = (
				D93F4A8A224CFB0D001746DC /* Skutarenko Classes and Structures */,
				D93F4A89224CFB0D001746DC /* Products */,
			);
			sourceTree = "<group>";
		};
		D93F4A89224CFB0D001746DC /* Products */ = {
			isa = PBXGroup;
			children = (
				D93F4A88224CFB0D001746DC /* Skutarenko Classes and Structures.app */,
			);
			name = Products;
			sourceTree = "<group>";
		};
		D93F4A8A224CFB0D001746DC /* Skutarenko Classes and Structures */ = {
			isa = PBXGroup;
			children = (
				D93F4A8B224CFB0D001746DC /* AppDelegate.swift */,
				D93F4A8D224CFB0D001746DC /* ViewController.swift */,
				D93F4A8F224CFB0D001746DC /* Main.storyboard */,
				D93F4A92224CFB0E001746DC /* Assets.xcassets */,
				D93F4A94224CFB0E001746DC /* LaunchScreen.storyboard */,
				D93F4A97224CFB0E001746DC /* Info.plist */,
			);
			path = "Skutarenko Classes and Structures";
			sourceTree = "<group>";
		};
/* End PBXGroup section */

/* Begin PBXNativeTarget section */
		D93F4A87224CFB0D001746DC /* Skutarenko Classes and Structures */ = {
			isa = PBXNativeTarget;
			buildConfigurationList = D93F4A9A224CFB0E001746DC /* Build configuration list for PBXNativeTarget "Skutarenko Classes and Structures" */;
			buildPhases = (
				D93F4A84224CFB0D001746DC /* Sources */,
				D93F4A85224CFB0D001746DC /* Frameworks */,
				D93F4A86224CFB0D001746DC /* Resources */,
			);
			buildRules = (
			);
			dependencies = (
			);
			name = "Skutarenko Classes and Structures";
			productName = "Skutarenko Classes and Structures";
			productReference = D93F4A88224CFB0D001746DC /* Skutarenko Classes and Structures.app */;
			productType = "com.apple.product-type.application";
		};
/* End PBXNativeTarget section */

/* Begin PBXProject section */
		D93F4A80224CFB0D001746DC /* Project object */ = {
			isa = PBXProject;
			attributes = {
				LastSwiftUpdateCheck = 1020;
				LastUpgradeCheck = 1020;
				ORGANIZATIONNAME = Sasha;
				TargetAttributes = {
					D93F4A87224CFB0D001746DC = {
						CreatedOnToolsVersion = 10.2;
					};
				};
			};
			buildConfigurationList = D93F4A83224CFB0D001746DC /* Build configuration list for PBXProject "Skutarenko Classes and Structures" */;
			compatibilityVersion = "Xcode 9.3";
			developmentRegion = en;
			hasScannedForEncodings = 0;
			knownRegions = (
				en,
				Base,
			);
			mainGroup = D93F4A7F224CFB0D001746DC;
			productRefGroup = D93F4A89224CFB0D001746DC /* Products */;
			projectDirPath = "";
			projectRoot = "";
			targets = (
				D93F4A87224CFB0D001746DC /* Skutarenko Classes and Structures */,
			);
		};
/* End PBXProject section */

/* Begin PBXResourcesBuildPhase section */
		D93F4A86224CFB0D001746DC /* Resources */ = {
			isa = PBXResourcesBuildPhase;
			buildActionMask = 2147483647;
			files = (
				D93F4A96224CFB0E001746DC /* LaunchScreen.storyboard in Resources */,
				D93F4A93224CFB0E001746DC /* Assets.xcassets in Resources */,
				D93F4A91224CFB0D001746DC /* Main.storyboard in Resources */,
			);
			runOnlyForDeploymentPostprocessing = 0;
		};
/* End PBXResourcesBuildPhase section */

/* Begin PBXSourcesBuildPhase section */
		D93F4A84224CFB0D001746DC /* Sources */ = {
			isa = PBXSourcesBuildPhase;
			buildActionMask = 2147483647;
			files = (
				D93F4A8E224CFB0D001746DC /* ViewController.swift in Sources */,
				D93F4A8C224CFB0D001746DC /* AppDelegate.swift in Sources */,
			);
			runOnlyForDeploymentPostprocessing = 0;
		};
/* End PBXSourcesBuildPhase section */

/* Begin PBXVariantGroup section */
		D93F4A8F224CFB0D001746DC /* Main.storyboard */ = {
			isa = PBXVariantGroup;
			children = (
				D93F4A90224CFB0D001746DC /* Base */,
			);
			name = Main.storyboard;
			sourceTree = "<group>";
		};
		D93F4A94224CFB0E001746DC /* LaunchScreen.storyboard */ = {
			isa = PBXVariantGroup;
			children = (
				D93F4A95224CFB0E001746DC /* Base */,
			);
			name = LaunchScreen.storyboard;
			sourceTree = "<group>";
		};
/* End PBXVariantGroup section */

/* Begin XCBuildConfiguration section */
		D93F4A98224CFB0E001746DC /* Debug */ = {
			isa = XCBuildConfiguration;
			buildSettings = {
				ALWAYS_SEARCH_USER_PATHS = NO;
				CLANG_ANALYZER_NONNULL = YES;
				CLANG_ANALYZER_NUMBER_OBJECT_CONVERSION = YES_AGGRESSIVE;
				CLANG_CXX_LANGUAGE_STANDARD = "gnu++14";
				CLANG_CXX_LIBRARY = "libc++";
				CLANG_ENABLE_MODULES = YES;
				CLANG_ENABLE_OBJC_ARC = YES;
				CLANG_ENABLE_OBJC_WEAK = YES;
				CLANG_WARN_BLOCK_CAPTURE_AUTORELEASING = YES;
				CLANG_WARN_BOOL_CONVERSION = YES;
				CLANG_WARN_COMMA = YES;
				CLANG_WARN_CONSTANT_CONVERSION = YES;
				CLANG_WARN_DEPRECATED_OBJC_IMPLEMENTATIONS = YES;
				CLANG_WARN_DIRECT_OBJC_ISA_USAGE = YES_ERROR;
				CLANG_WARN_DOCUMENTATION_COMMENTS = YES;
				CLANG_WARN_EMPTY_BODY = YES;
				CLANG_WARN_ENUM_CONVERSION = YES;
				CLANG_WARN_INFINITE_RECURSION = YES;
				CLANG_WARN_INT_CONVERSION = YES;
				CLANG_WARN_NON_LITERAL_NULL_CONVERSION = YES;
				CLANG_WARN_OBJC_IMPLICIT_RETAIN_SELF = YES;
				CLANG_WARN_OBJC_LITERAL_CONVERSION = YES;
				CLANG_WARN_OBJC_ROOT_CLASS = YES_ERROR;
				CLANG_WARN_RANGE_LOOP_ANALYSIS = YES;
				CLANG_WARN_STRICT_PROTOTYPES = YES;
				CLANG_WARN_SUSPICIOUS_MOVE = YES;
				CLANG_WARN_UNGUARDED_AVAILABILITY = YES_AGGRESSIVE;
				CLANG_WARN_UNREACHABLE_CODE = YES;
				CLANG_WARN__DUPLICATE_METHOD_MATCH = YES;
				CODE_SIGN_IDENTITY = "iPhone Developer";
				COPY_PHASE_STRIP = NO;
				DEBUG_INFORMATION_FORMAT = dwarf;
				ENABLE_STRICT_OBJC_MSGSEND = YES;
				ENABLE_TESTABILITY = YES;
				GCC_C_LANGUAGE_STANDARD = gnu11;
				GCC_DYNAMIC_NO_PIC = NO;
				GCC_NO_COMMON_BLOCKS = YES;
				GCC_OPTIMIZATION_LEVEL = 0;
				GCC_PREPROCESSOR_DEFINITIONS = (
					"DEBUG=1",
					"$(inherited)",
				);
				GCC_WARN_64_TO_32_BIT_CONVERSION = YES;
				GCC_WARN_ABOUT_RETURN_TYPE = YES_ERROR;
				GCC_WARN_UNDECLARED_SELECTOR = YES;
				GCC_WARN_UNINITIALIZED_AUTOS = YES_AGGRESSIVE;
				GCC_WARN_UNUSED_FUNCTION = YES;
				GCC_WARN_UNUSED_VARIABLE = YES;
				IPHONEOS_DEPLOYMENT_TARGET = 12.2;
				MTL_ENABLE_DEBUG_INFO = INCLUDE_SOURCE;
				MTL_FAST_MATH = YES;
				ONLY_ACTIVE_ARCH = YES;
				SDKROOT = iphoneos;
				SWIFT_ACTIVE_COMPILATION_CONDITIONS = DEBUG;
				SWIFT_OPTIMIZATION_LEVEL = "-Onone";
			};
			name = Debug;
		};
		D93F4A99224CFB0E001746DC /* Release */ = {
			isa = XCBuildConfiguration;
			buildSettings = {
				ALWAYS_SEARCH_USER_PATHS = NO;
				CLANG_ANALYZER_NONNULL = YES;
				CLANG_ANALYZER_NUMBER_OBJECT_CONVERSION = YES_AGGRESSIVE;
				CLANG_CXX_LANGUAGE_STANDARD = "gnu++14";
				CLANG_CXX_LIBRARY = "libc++";
				CLANG_ENABLE_MODULES = YES;
				CLANG_ENABLE_OBJC_ARC = YES;
				CLANG_ENABLE_OBJC_WEAK = YES;
				CLANG_WARN_BLOCK_CAPTURE_AUTORELEASING = YES;
				CLANG_WARN_BOOL_CONVERSION = YES;
				CLANG_WARN_COMMA = YES;
				CLANG_WARN_CONSTANT_CONVERSION = YES;
				CLANG_WARN_DEPRECATED_OBJC_IMPLEMENTATIONS = YES;
				CLANG_WARN_DIRECT_OBJC_ISA_USAGE = YES_ERROR;
				CLANG_WARN_DOCUMENTATION_COMMENTS = YES;
				CLANG_WARN_EMPTY_BODY = YES;
				CLANG_WARN_ENUM_CONVERSION = YES;
				CLANG_WARN_INFINITE_RECURSION = YES;
				CLANG_WARN_INT_CONVERSION = YES;
				CLANG_WARN_NON_LITERAL_NULL_CONVERSION = YES;
				CLANG_WARN_OBJC_IMPLICIT_RETAIN_SELF = YES;
				CLANG_WARN_OBJC_LITERAL_CONVERSION = YES;
				CLANG_WARN_OBJC_ROOT_CLASS = YES_ERROR;
				CLANG_WARN_RANGE_LOOP_ANALYSIS = YES;
				CLANG_WARN_STRICT_PROTOTYPES = YES;
				CLANG_WARN_SUSPICIOUS_MOVE = YES;
				CLANG_WARN_UNGUARDED_AVAILABILITY = YES_AGGRESSIVE;
				CLANG_WARN_UNREACHABLE_CODE = YES;
				CLANG_WARN__DUPLICATE_METHOD_MATCH = YES;
				CODE_SIGN_IDENTITY = "iPhone Developer";
				COPY_PHASE_STRIP = NO;
				DEBUG_INFORMATION_FORMAT = "dwarf-with-dsym";
				ENABLE_NS_ASSERTIONS = NO;
				ENABLE_STRICT_OBJC_MSGSEND = YES;
				GCC_C_LANGUAGE_STANDARD = gnu11;
				GCC_NO_COMMON_BLOCKS = YES;
				GCC_WARN_64_TO_32_BIT_CONVERSION = YES;
				GCC_WARN_ABOUT_RETURN_TYPE = YES_ERROR;
				GCC_WARN_UNDECLARED_SELECTOR = YES;
				GCC_WARN_UNINITIALIZED_AUTOS = YES_AGGRESSIVE;
				GCC_WARN_UNUSED_FUNCTION = YES;
				GCC_WARN_UNUSED_VARIABLE = YES;
				IPHONEOS_DEPLOYMENT_TARGET = 12.2;
				MTL_ENABLE_DEBUG_INFO = NO;
				MTL_FAST_MATH = YES;
				SDKROOT = iphoneos;
				SWIFT_COMPILATION_MODE = wholemodule;
				SWIFT_OPTIMIZATION_LEVEL = "-O";
				VALIDATE_PRODUCT = YES;
			};
			name = Release;
		};
		D93F4A9B224CFB0E001746DC /* Debug */ = {
			isa = XCBuildConfiguration;
			buildSettings = {
				ASSETCATALOG_COMPILER_APPICON_NAME = AppIcon;
				CODE_SIGN_STYLE = Automatic;
				DEVELOPMENT_TEAM = 65HB6SBXGD;
				INFOPLIST_FILE = "Skutarenko Classes and Structures/Info.plist";
				LD_RUNPATH_SEARCH_PATHS = (
					"$(inherited)",
					"@executable_path/Frameworks",
				);
				PRODUCT_BUNDLE_IDENTIFIER = "com.sasha..Skutarenko-Classes-and-Structures";
				PRODUCT_NAME = "$(TARGET_NAME)";
				SWIFT_VERSION = 5.0;
				TARGETED_DEVICE_FAMILY = "1,2";
			};
			name = Debug;
		};
		D93F4A9C224CFB0E001746DC /* Release */ = {
			isa = XCBuildConfiguration;
			buildSettings = {
				ASSETCATALOG_COMPILER_APPICON_NAME = AppIcon;
				CODE_SIGN_STYLE = Automatic;
				DEVELOPMENT_TEAM = 65HB6SBXGD;
				INFOPLIST_FILE = "Skutarenko Classes and Structures/Info.plist";
				LD_RUNPATH_SEARCH_PATHS = (
					"$(inherited)",
					"@executable_path/Frameworks",
				);
				PRODUCT_BUNDLE_IDENTIFIER = "com.sasha..Skutarenko-Classes-and-Structures";
				PRODUCT_NAME = "$(TARGET_NAME)";
				SWIFT_VERSION = 5.0;
				TARGETED_DEVICE_FAMILY = "1,2";
			};
			name = Release;
		};
/* End XCBuildConfiguration section */

/* Begin XCConfigurationList section */
		D93F4A83224CFB0D001746DC /* Build configuration list for PBXProject "Skutarenko Classes and Structures" */ = {
			isa = XCConfigurationList;
			buildConfigurations = (
				D93F4A98224CFB0E001746DC /* Debug */,
				D93F4A99224CFB0E001746DC /* Release */,
			);
			defaultConfigurationIsVisible = 0;
			defaultConfigurationName = Release;
		};
		D93F4A9A224CFB0E001746DC /* Build configuration list for PBXNativeTarget "Skutarenko Classes and Structures" */ = {
			isa = XCConfigurationList;
			buildConfigurations = (
				D93F4A9B224CFB0E001746DC /* Debug */,
				D93F4A9C224CFB0E001746DC /* Release */,
			);
			defaultConfigurationIsVisible = 0;
			defaultConfigurationName = Release;
		};
/* End XCConfigurationList section */
	};
	rootObject = D93F4A80224CFB0D001746DC /* Project object */;
}
